{
  "name": "Inventory Management System with POS",
  "lockfileVersion": 2,
  "requires": true,
  "packages": {
    "": {
      "dependencies": {
        "web-vitals": "^2.1.0"
      }
    },
    "node_modules/web-vitals": {
      "version": "2.1.0",
      "resolved": "https://registry.npmjs.org/web-vitals/-/web-vitals-2.1.0.tgz",
      "integrity": "sha512-npEyJP8jHf3J71t1tRTEtz9FeKp8H2udWJUUq5ykfPhhstr//TUxiYhIEzLNwk4zv2ybAilMn7v7N6Mxmuitmg=="
    }
  },
  "dependencies": {
    "web-vitals": {
      "version": "2.1.0",
      "resolved": "https://registry.npmjs.org/web-vitals/-/web-vitals-2.1.0.tgz",
      "integrity": "sha512-npEyJP8jHf3J71t1tRTEtz9FeKp8H2udWJUUq5ykfPhhstr//TUxiYhIEzLNwk4zv2ybAilMn7v7N6Mxmuitmg=="
    }
  }
}
